// !$*UTF8*$!
{
	archiveVersion = 1;
	classes = {
	};
	objectVersion = 46;
	objects = {

/* Begin PBXBuildFile section */
		912E98F51F01875E004D16F5 /* TLV8.cpp in Sources */ = {isa = PBXBuildFile; fileRef = 912E98F31F01875E004D16F5 /* TLV8.cpp */; };
		917DA06B1F01DC33008793D8 /* Makefile in Sources */ = {isa = PBXBuildFile; fileRef = 917DA0691F01DC33008793D8 /* Makefile */; };
		917DA06C1F01DC33008793D8 /* README.md in Sources */ = {isa = PBXBuildFile; fileRef = 917DA06A1F01DC33008793D8 /* README.md */; };
		91AA5FE61EFD8E9300AF9E9C /* test.cpp in Sources */ = {isa = PBXBuildFile; fileRef = 91AA5FE31EFD8E9300AF9E9C /* test.cpp */; };
		91F3AD0F1EFD9D9200993D1C /* TLV8Test.mm in Sources */ = {isa = PBXBuildFile; fileRef = 91F3AD0E1EFD9D9200993D1C /* TLV8Test.mm */; };
/* End PBXBuildFile section */

/* Begin PBXCopyFilesBuildPhase section */
		914E81351EFD8E560061CB9A /* CopyFiles */ = {
			isa = PBXCopyFilesBuildPhase;
			buildActionMask = 2147483647;
			dstPath = /usr/share/man/man1/;
			dstSubfolderSpec = 0;
			files = (
			);
			runOnlyForDeploymentPostprocessing = 1;
		};
/* End PBXCopyFilesBuildPhase section */

/* Begin PBXFileReference section */
		912E98F31F01875E004D16F5 /* TLV8.cpp */ = {isa = PBXFileReference; fileEncoding = 4; lastKnownFileType = sourcecode.cpp.cpp; path = TLV8.cpp; sourceTree = "<group>"; };
		912E98F41F01875E004D16F5 /* TLV8.h */ = {isa = PBXFileReference; fileEncoding = 4; lastKnownFileType = sourcecode.c.h; path = TLV8.h; sourceTree = "<group>"; };
		914E81371EFD8E560061CB9A /* TLV8 */ = {isa = PBXFileReference; explicitFileType = "compiled.mach-o.executable"; includeInIndex = 0; path = TLV8; sourceTree = BUILT_PRODUCTS_DIR; };
		917DA0681F01DC33008793D8 /* library.properties */ = {isa = PBXFileReference; fileEncoding = 4; lastKnownFileType = text; path = library.properties; sourceTree = "<group>"; };
		917DA0691F01DC33008793D8 /* Makefile */ = {isa = PBXFileReference; fileEncoding = 4; lastKnownFileType = sourcecode.make; path = Makefile; sourceTree = "<group>"; };
		917DA06A1F01DC33008793D8 /* README.md */ = {isa = PBXFileReference; fileEncoding = 4; lastKnownFileType = net.daringfireball.markdown; path = README.md; sourceTree = "<group>"; };
		91AA5FE31EFD8E9300AF9E9C /* test.cpp */ = {isa = PBXFileReference; fileEncoding = 4; lastKnownFileType = sourcecode.cpp.cpp; path = test.cpp; sourceTree = SOURCE_ROOT; };
		91F3AD0C1EFD9D9200993D1C /* TLV8Test.xctest */ = {isa = PBXFileReference; explicitFileType = wrapper.cfbundle; includeInIndex = 0; path = TLV8Test.xctest; sourceTree = BUILT_PRODUCTS_DIR; };
		91F3AD0E1EFD9D9200993D1C /* TLV8Test.mm */ = {isa = PBXFileReference; lastKnownFileType = sourcecode.cpp.objcpp; path = TLV8Test.mm; sourceTree = "<group>"; };
		91F3AD101EFD9D9200993D1C /* Info.plist */ = {isa = PBXFileReference; lastKnownFileType = text.plist.xml; path = Info.plist; sourceTree = "<group>"; };
/* End PBXFileReference section */

/* Begin PBXFrameworksBuildPhase section */
		914E81341EFD8E560061CB9A /* Frameworks */ = {
			isa = PBXFrameworksBuildPhase;
			buildActionMask = 2147483647;
			files = (
			);
			runOnlyForDeploymentPostprocessing = 0;
		};
		91F3AD091EFD9D9200993D1C /* Frameworks */ = {
			isa = PBXFrameworksBuildPhase;
			buildActionMask = 2147483647;
			files = (
			);
			runOnlyForDeploymentPostprocessing = 0;
		};
/* End PBXFrameworksBuildPhase section */

/* Begin PBXGroup section */
		912E98F21F01875E004D16F5 /* src */ = {
			isa = PBXGroup;
			children = (
				912E98F31F01875E004D16F5 /* TLV8.cpp */,
				912E98F41F01875E004D16F5 /* TLV8.h */,
			);
			path = src;
			sourceTree = SOURCE_ROOT;
		};
		914E812E1EFD8E560061CB9A = {
			isa = PBXGroup;
			children = (
				917DA06A1F01DC33008793D8 /* README.md */,
				917DA0681F01DC33008793D8 /* library.properties */,
				917DA0691F01DC33008793D8 /* Makefile */,
				914E81391EFD8E560061CB9A /* TLV8 */,
				91F3AD0D1EFD9D9200993D1C /* TLV8Test */,
				914E81381EFD8E560061CB9A /* Products */,
			);
			sourceTree = "<group>";
		};
		914E81381EFD8E560061CB9A /* Products */ = {
			isa = PBXGroup;
			children = (
				914E81371EFD8E560061CB9A /* TLV8 */,
				91F3AD0C1EFD9D9200993D1C /* TLV8Test.xctest */,
			);
			name = Products;
			sourceTree = "<group>";
		};
		914E81391EFD8E560061CB9A /* TLV8 */ = {
			isa = PBXGroup;
			children = (
				91AA5FE31EFD8E9300AF9E9C /* test.cpp */,
				912E98F21F01875E004D16F5 /* src */,
			);
			path = TLV8;
			sourceTree = "<group>";
		};
		91F3AD0D1EFD9D9200993D1C /* TLV8Test */ = {
			isa = PBXGroup;
			children = (
				91F3AD0E1EFD9D9200993D1C /* TLV8Test.mm */,
				91F3AD101EFD9D9200993D1C /* Info.plist */,
			);
			path = TLV8Test;
			sourceTree = "<group>";
		};
/* End PBXGroup section */

/* Begin PBXNativeTarget section */
		914E81361EFD8E560061CB9A /* TLV8 */ = {
			isa = PBXNativeTarget;
			buildConfigurationList = 914E813E1EFD8E560061CB9A /* Build configuration list for PBXNativeTarget "TLV8" */;
			buildPhases = (
				914E81331EFD8E560061CB9A /* Sources */,
				914E81341EFD8E560061CB9A /* Frameworks */,
				914E81351EFD8E560061CB9A /* CopyFiles */,
			);
			buildRules = (
			);
			dependencies = (
			);
			name = TLV8;
			productName = TLV8;
			productReference = 914E81371EFD8E560061CB9A /* TLV8 */;
			productType = "com.apple.product-type.tool";
		};
		91F3AD0B1EFD9D9200993D1C /* TLV8Test */ = {
			isa = PBXNativeTarget;
			buildConfigurationList = 91F3AD131EFD9D9200993D1C /* Build configuration list for PBXNativeTarget "TLV8Test" */;
			buildPhases = (
				91F3AD081EFD9D9200993D1C /* Sources */,
				91F3AD091EFD9D9200993D1C /* Frameworks */,
				91F3AD0A1EFD9D9200993D1C /* Resources */,
			);
			buildRules = (
			);
			dependencies = (
			);
			name = TLV8Test;
			productName = TLV8Test;
			productReference = 91F3AD0C1EFD9D9200993D1C /* TLV8Test.xctest */;
			productType = "com.apple.product-type.bundle.unit-test";
		};
/* End PBXNativeTarget section */

/* Begin PBXProject section */
		914E812F1EFD8E560061CB9A /* Project object */ = {
			isa = PBXProject;
			attributes = {
				LastUpgradeCheck = 0830;
				ORGANIZATIONNAME = "Mobile Flow LLC";
				TargetAttributes = {
					914E81361EFD8E560061CB9A = {
						CreatedOnToolsVersion = 8.3.3;
						DevelopmentTeam = 4W8SEMVXD2;
						ProvisioningStyle = Automatic;
					};
					91F3AD0B1EFD9D9200993D1C = {
						CreatedOnToolsVersion = 8.3.3;
						DevelopmentTeam = 4W8SEMVXD2;
						ProvisioningStyle = Automatic;
					};
				};
			};
			buildConfigurationList = 914E81321EFD8E560061CB9A /* Build configuration list for PBXProject "TLV8" */;
			compatibilityVersion = "Xcode 3.2";
			developmentRegion = English;
			hasScannedForEncodings = 0;
			knownRegions = (
				en,
			);
			mainGroup = 914E812E1EFD8E560061CB9A;
			productRefGroup = 914E81381EFD8E560061CB9A /* Products */;
			projectDirPath = "";
			projectRoot = "";
			targets = (
				914E81361EFD8E560061CB9A /* TLV8 */,
				91F3AD0B1EFD9D9200993D1C /* TLV8Test */,
			);
		};
/* End PBXProject section */

/* Begin PBXResourcesBuildPhase section */
		91F3AD0A1EFD9D9200993D1C /* Resources */ = {
			isa = PBXResourcesBuildPhase;
			buildActionMask = 2147483647;
			files = (
			);
			runOnlyForDeploymentPostprocessing = 0;
		};
/* End PBXResourcesBuildPhase section */

/* Begin PBXSourcesBuildPhase section */
		914E81331EFD8E560061CB9A /* Sources */ = {
			isa = PBXSourcesBuildPhase;
			buildActionMask = 2147483647;
			files = (
				917DA06B1F01DC33008793D8 /* Makefile in Sources */,
				91AA5FE61EFD8E9300AF9E9C /* test.cpp in Sources */,
				917DA06C1F01DC33008793D8 /* README.md in Sources */,
				912E98F51F01875E004D16F5 /* TLV8.cpp in Sources */,
			);
			runOnlyForDeploymentPostprocessing = 0;
		};
		91F3AD081EFD9D9200993D1C /* Sources */ = {
			isa = PBXSourcesBuildPhase;
			buildActionMask = 2147483647;
			files = (
				91F3AD0F1EFD9D9200993D1C /* TLV8Test.mm in Sources */,
			);
			runOnlyForDeploymentPostprocessing = 0;
		};
/* End PBXSourcesBuildPhase section */

/* Begin XCBuildConfiguration section */
		914E813C1EFD8E560061CB9A /* Debug */ = {
			isa = XCBuildConfiguration;
			buildSettings = {
				ALWAYS_SEARCH_USER_PATHS = NO;
				CLANG_ANALYZER_NONNULL = YES;
				CLANG_ANALYZER_NUMBER_OBJECT_CONVERSION = YES_AGGRESSIVE;
				CLANG_CXX_LANGUAGE_STANDARD = "gnu++0x";
				CLANG_CXX_LIBRARY = "libc++";
				CLANG_ENABLE_MODULES = YES;
				CLANG_ENABLE_OBJC_ARC = YES;
				CLANG_WARN_BOOL_CONVERSION = YES;
				CLANG_WARN_CONSTANT_CONVERSION = YES;
				CLANG_WARN_DIRECT_OBJC_ISA_USAGE = YES_ERROR;
				CLANG_WARN_DOCUMENTATION_COMMENTS = YES;
				CLANG_WARN_EMPTY_BODY = YES;
				CLANG_WARN_ENUM_CONVERSION = YES;
				CLANG_WARN_INFINITE_RECURSION = YES;
				CLANG_WARN_INT_CONVERSION = YES;
				CLANG_WARN_OBJC_ROOT_CLASS = YES_ERROR;
				CLANG_WARN_SUSPICIOUS_MOVE = YES;
				CLANG_WARN_UNREACHABLE_CODE = YES;
				CLANG_WARN__DUPLICATE_METHOD_MATCH = YES;
				CODE_SIGN_IDENTITY = "-";
				COPY_PHASE_STRIP = NO;
				DEBUG_INFORMATION_FORMAT = dwarf;
				ENABLE_STRICT_OBJC_MSGSEND = YES;
				ENABLE_TESTABILITY = YES;
				GCC_C_LANGUAGE_STANDARD = gnu99;
				GCC_DYNAMIC_NO_PIC = NO;
				GCC_NO_COMMON_BLOCKS = YES;
				GCC_OPTIMIZATION_LEVEL = 0;
				GCC_PREPROCESSOR_DEFINITIONS = (
					"DEBUG=1",
					"$(inherited)",
				);
				GCC_WARN_64_TO_32_BIT_CONVERSION = YES;
				GCC_WARN_ABOUT_RETURN_TYPE = YES_ERROR;
				GCC_WARN_UNDECLARED_SELECTOR = YES;
				GCC_WARN_UNINITIALIZED_AUTOS = YES_AGGRESSIVE;
				GCC_WARN_UNUSED_FUNCTION = YES;
				GCC_WARN_UNUSED_VARIABLE = YES;
				MACOSX_DEPLOYMENT_TARGET = 10.12;
				MTL_ENABLE_DEBUG_INFO = YES;
				ONLY_ACTIVE_ARCH = YES;
				SDKROOT = macosx;
			};
			name = Debug;
		};
		914E813D1EFD8E560061CB9A /* Release */ = {
			isa = XCBuildConfiguration;
			buildSettings = {
				ALWAYS_SEARCH_USER_PATHS = NO;
				CLANG_ANALYZER_NONNULL = YES;
				CLANG_ANALYZER_NUMBER_OBJECT_CONVERSION = YES_AGGRESSIVE;
				CLANG_CXX_LANGUAGE_STANDARD = "gnu++0x";
				CLANG_CXX_LIBRARY = "libc++";
				CLANG_ENABLE_MODULES = YES;
				CLANG_ENABLE_OBJC_ARC = YES;
				CLANG_WARN_BOOL_CONVERSION = YES;
				CLANG_WARN_CONSTANT_CONVERSION = YES;
				CLANG_WARN_DIRECT_OBJC_ISA_USAGE = YES_ERROR;
				CLANG_WARN_DOCUMENTATION_COMMENTS = YES;
				CLANG_WARN_EMPTY_BODY = YES;
				CLANG_WARN_ENUM_CONVERSION = YES;
				CLANG_WARN_INFINITE_RECURSION = YES;
				CLANG_WARN_INT_CONVERSION = YES;
				CLANG_WARN_OBJC_ROOT_CLASS = YES_ERROR;
				CLANG_WARN_SUSPICIOUS_MOVE = YES;
				CLANG_WARN_UNREACHABLE_CODE = YES;
				CLANG_WARN__DUPLICATE_METHOD_MATCH = YES;
				CODE_SIGN_IDENTITY = "-";
				COPY_PHASE_STRIP = NO;
				DEBUG_INFORMATION_FORMAT = "dwarf-with-dsym";
				ENABLE_NS_ASSERTIONS = NO;
				ENABLE_STRICT_OBJC_MSGSEND = YES;
				GCC_C_LANGUAGE_STANDARD = gnu99;
				GCC_NO_COMMON_BLOCKS = YES;
				GCC_WARN_64_TO_32_BIT_CONVERSION = YES;
				GCC_WARN_ABOUT_RETURN_TYPE = YES_ERROR;
				GCC_WARN_UNDECLARED_SELECTOR = YES;
				GCC_WARN_UNINITIALIZED_AUTOS = YES_AGGRESSIVE;
				GCC_WARN_UNUSED_FUNCTION = YES;
				GCC_WARN_UNUSED_VARIABLE = YES;
				MACOSX_DEPLOYMENT_TARGET = 10.12;
				MTL_ENABLE_DEBUG_INFO = NO;
				SDKROOT = macosx;
			};
			name = Release;
		};
		914E813F1EFD8E560061CB9A /* Debug */ = {
			isa = XCBuildConfiguration;
			buildSettings = {
				DEVELOPMENT_TEAM = 4W8SEMVXD2;
				PRODUCT_NAME = "$(TARGET_NAME)";
			};
			name = Debug;
		};
		914E81401EFD8E560061CB9A /* Release */ = {
			isa = XCBuildConfiguration;
			buildSettings = {
				DEVELOPMENT_TEAM = 4W8SEMVXD2;
				PRODUCT_NAME = "$(TARGET_NAME)";
			};
			name = Release;
		};
		91F3AD111EFD9D9200993D1C /* Debug */ = {
			isa = XCBuildConfiguration;
			buildSettings = {
				COMBINE_HIDPI_IMAGES = YES;
				DEVELOPMENT_TEAM = 4W8SEMVXD2;
				INFOPLIST_FILE = TLV8Test/Info.plist;
				LD_RUNPATH_SEARCH_PATHS = "$(inherited) @executable_path/../Frameworks @loader_path/../Frameworks";
				PRODUCT_BUNDLE_IDENTIFIER = com.mobileflowllc.TLV8Test;
				PRODUCT_NAME = "$(TARGET_NAME)";
			};
			name = Debug;
		};
		91F3AD121EFD9D9200993D1C /* Release */ = {
			isa = XCBuildConfiguration;
			buildSettings = {
				COMBINE_HIDPI_IMAGES = YES;
				DEVELOPMENT_TEAM = 4W8SEMVXD2;
				INFOPLIST_FILE = TLV8Test/Info.plist;
				LD_RUNPATH_SEARCH_PATHS = "$(inherited) @executable_path/../Frameworks @loader_path/../Frameworks";
				PRODUCT_BUNDLE_IDENTIFIER = com.mobileflowllc.TLV8Test;
				PRODUCT_NAME = "$(TARGET_NAME)";
			};
			name = Release;
		};
/* End XCBuildConfiguration section */

/* Begin XCConfigurationList section */
		914E81321EFD8E560061CB9A /* Build configuration list for PBXProject "TLV8" */ = {
			isa = XCConfigurationList;
			buildConfigurations = (
				914E813C1EFD8E560061CB9A /* Debug */,
				914E813D1EFD8E560061CB9A /* Release */,
			);
			defaultConfigurationIsVisible = 0;
			defaultConfigurationName = Release;
		};
		914E813E1EFD8E560061CB9A /* Build configuration list for PBXNativeTarget "TLV8" */ = {
			isa = XCConfigurationList;
			buildConfigurations = (
				914E813F1EFD8E560061CB9A /* Debug */,
				914E81401EFD8E560061CB9A /* Release */,
			);
			defaultConfigurationIsVisible = 0;
			defaultConfigurationName = Release;
		};
		91F3AD131EFD9D9200993D1C /* Build configuration list for PBXNativeTarget "TLV8Test" */ = {
			isa = XCConfigurationList;
			buildConfigurations = (
				91F3AD111EFD9D9200993D1C /* Debug */,
				91F3AD121EFD9D9200993D1C /* Release */,
			);
			defaultConfigurationIsVisible = 0;
			defaultConfigurationName = Release;
		};
/* End XCConfigurationList section */
	};
	rootObject = 914E812F1EFD8E560061CB9A /* Project object */;
}
